# This file is automatically @generated by Cargo.
# It is not intended for manual editing.
[[package]]
name = "fork"
version = "0.1.0"
dependencies = [
 "fork 0.1.2 (registry+https://github.com/rust-lang/crates.io-index)",
]

[[package]]
name = "fork"
version = "0.1.2"
source = "registry+https://github.com/rust-lang/crates.io-index"
dependencies = [
 "libc 0.2.65 (registry+https://github.com/rust-lang/crates.io-index)",
]

[[package]]
name = "libc"
version = "0.2.65"
source = "registry+https://github.com/rust-lang/crates.io-index"

[metadata]
"checksum fork 0.1.2 (registry+https://github.com/rust-lang/crates.io-index)" = "a392fde26b3a74db147b10f810dae26f97054f398a0c264c1b70f9cc638771c5"
"checksum libc 0.2.65 (registry+https://github.com/rust-lang/crates.io-index)" = "1a31a0627fdf1f6a39ec0dd577e101440b7db22672c0901fe00a9a6fbb5c24e8"
